// !$*UTF8*$!
{
	archiveVersion = 1;
	classes = {
	};
	objectVersion = 50;
	objects = {

/* Begin PBXBuildFile section */
		4CCD28D0267AD71C007431F2 /* GoalsTableViewController.swift in Sources */ = {isa = PBXBuildFile; fileRef = 4CCD28CF267AD71C007431F2 /* GoalsTableViewController.swift */; };
		4CCD28D2267AD770007431F2 /* Goals.swift in Sources */ = {isa = PBXBuildFile; fileRef = 4CCD28D1267AD770007431F2 /* Goals.swift */; };
		4CCD28D4267ADC45007431F2 /* AddGoalViewController.swift in Sources */ = {isa = PBXBuildFile; fileRef = 4CCD28D3267ADC45007431F2 /* AddGoalViewController.swift */; };
		4CCD28D6267ADE53007431F2 /* CompleteGoalsViewController.swift in Sources */ = {isa = PBXBuildFile; fileRef = 4CCD28D5267ADE53007431F2 /* CompleteGoalsViewController.swift */; };
		4CCE2A85267BB4980028FE76 /* QuizViewController.swift in Sources */ = {isa = PBXBuildFile; fileRef = 4CCE2A84267BB4980028FE76 /* QuizViewController.swift */; };
		4DF63B4D267BA1B7004EB013 /* GoalsInspoTableViewController.swift in Sources */ = {isa = PBXBuildFile; fileRef = 4DF63B4C267BA1B7004EB013 /* GoalsInspoTableViewController.swift */; };
		4DF63B4F267BA207004EB013 /* GoalsInspo.swift in Sources */ = {isa = PBXBuildFile; fileRef = 4DF63B4E267BA207004EB013 /* GoalsInspo.swift */; };
		E56E79EB267936510015F86E /* AppDelegate.swift in Sources */ = {isa = PBXBuildFile; fileRef = E56E79EA267936510015F86E /* AppDelegate.swift */; };
		E56E79ED267936510015F86E /* SceneDelegate.swift in Sources */ = {isa = PBXBuildFile; fileRef = E56E79EC267936510015F86E /* SceneDelegate.swift */; };
		E56E79EF267936510015F86E /* ViewController.swift in Sources */ = {isa = PBXBuildFile; fileRef = E56E79EE267936510015F86E /* ViewController.swift */; };
		E56E79F2267936510015F86E /* Main.storyboard in Resources */ = {isa = PBXBuildFile; fileRef = E56E79F0267936510015F86E /* Main.storyboard */; };
		E56E79F5267936510015F86E /* carbonCombat.xcdatamodeld in Sources */ = {isa = PBXBuildFile; fileRef = E56E79F3267936510015F86E /* carbonCombat.xcdatamodeld */; };
		E56E79F7267936540015F86E /* Assets.xcassets in Resources */ = {isa = PBXBuildFile; fileRef = E56E79F6267936540015F86E /* Assets.xcassets */; };
		E56E79FA267936540015F86E /* LaunchScreen.storyboard in Resources */ = {isa = PBXBuildFile; fileRef = E56E79F8267936540015F86E /* LaunchScreen.storyboard */; };
		E56E7A02267A4A140015F86E /* FactGenViewController.swift in Sources */ = {isa = PBXBuildFile; fileRef = E56E7A01267A4A140015F86E /* FactGenViewController.swift */; };
/* End PBXBuildFile section */

/* Begin PBXFileReference section */
		4CCD28CF267AD71C007431F2 /* GoalsTableViewController.swift */ = {isa = PBXFileReference; lastKnownFileType = sourcecode.swift; path = GoalsTableViewController.swift; sourceTree = "<group>"; };
		4CCD28D1267AD770007431F2 /* Goals.swift */ = {isa = PBXFileReference; lastKnownFileType = sourcecode.swift; path = Goals.swift; sourceTree = "<group>"; };
		4CCD28D3267ADC45007431F2 /* AddGoalViewController.swift */ = {isa = PBXFileReference; lastKnownFileType = sourcecode.swift; path = AddGoalViewController.swift; sourceTree = "<group>"; };
		4CCD28D5267ADE53007431F2 /* CompleteGoalsViewController.swift */ = {isa = PBXFileReference; lastKnownFileType = sourcecode.swift; path = CompleteGoalsViewController.swift; sourceTree = "<group>"; };
		4CCE2A84267BB4980028FE76 /* QuizViewController.swift */ = {isa = PBXFileReference; lastKnownFileType = sourcecode.swift; path = QuizViewController.swift; sourceTree = "<group>"; };
		4DF63B4C267BA1B7004EB013 /* GoalsInspoTableViewController.swift */ = {isa = PBXFileReference; lastKnownFileType = sourcecode.swift; path = GoalsInspoTableViewController.swift; sourceTree = "<group>"; };
		4DF63B4E267BA207004EB013 /* GoalsInspo.swift */ = {isa = PBXFileReference; lastKnownFileType = sourcecode.swift; path = GoalsInspo.swift; sourceTree = "<group>"; };
		E56E79E7267936510015F86E /* carbonCombat.app */ = {isa = PBXFileReference; explicitFileType = wrapper.application; includeInIndex = 0; path = carbonCombat.app; sourceTree = BUILT_PRODUCTS_DIR; };
		E56E79EA267936510015F86E /* AppDelegate.swift */ = {isa = PBXFileReference; lastKnownFileType = sourcecode.swift; path = AppDelegate.swift; sourceTree = "<group>"; };
		E56E79EC267936510015F86E /* SceneDelegate.swift */ = {isa = PBXFileReference; lastKnownFileType = sourcecode.swift; path = SceneDelegate.swift; sourceTree = "<group>"; };
		E56E79EE267936510015F86E /* ViewController.swift */ = {isa = PBXFileReference; lastKnownFileType = sourcecode.swift; path = ViewController.swift; sourceTree = "<group>"; };
		E56E79F1267936510015F86E /* Base */ = {isa = PBXFileReference; lastKnownFileType = file.storyboard; name = Base; path = Base.lproj/Main.storyboard; sourceTree = "<group>"; };
		E56E79F4267936510015F86E /* carbonCombat.xcdatamodel */ = {isa = PBXFileReference; lastKnownFileType = wrapper.xcdatamodel; path = carbonCombat.xcdatamodel; sourceTree = "<group>"; };
		E56E79F6267936540015F86E /* Assets.xcassets */ = {isa = PBXFileReference; lastKnownFileType = folder.assetcatalog; path = Assets.xcassets; sourceTree = "<group>"; };
		E56E79F9267936540015F86E /* Base */ = {isa = PBXFileReference; lastKnownFileType = file.storyboard; name = Base; path = Base.lproj/LaunchScreen.storyboard; sourceTree = "<group>"; };
		E56E79FB267936540015F86E /* Info.plist */ = {isa = PBXFileReference; lastKnownFileType = text.plist.xml; path = Info.plist; sourceTree = "<group>"; };
		E56E7A01267A4A140015F86E /* FactGenViewController.swift */ = {isa = PBXFileReference; lastKnownFileType = sourcecode.swift; path = FactGenViewController.swift; sourceTree = "<group>"; };
/* End PBXFileReference section */

/* Begin PBXFrameworksBuildPhase section */
		E56E79E4267936510015F86E /* Frameworks */ = {
			isa = PBXFrameworksBuildPhase;
			buildActionMask = 2147483647;
			files = (
			);
			runOnlyForDeploymentPostprocessing = 0;
		};
/* End PBXFrameworksBuildPhase section */

/* Begin PBXGroup section */
		E56E79DE267936510015F86E = {
			isa = PBXGroup;
			children = (
				E56E79E9267936510015F86E /* carbonCombat */,
				E56E79E8267936510015F86E /* Products */,
			);
			sourceTree = "<group>";
		};
		E56E79E8267936510015F86E /* Products */ = {
			isa = PBXGroup;
			children = (
				E56E79E7267936510015F86E /* carbonCombat.app */,
			);
			name = Products;
			sourceTree = "<group>";
		};
		E56E79E9267936510015F86E /* carbonCombat */ = {
			isa = PBXGroup;
			children = (
				E56E79EA267936510015F86E /* AppDelegate.swift */,
				E56E79EC267936510015F86E /* SceneDelegate.swift */,
				E56E79EE267936510015F86E /* ViewController.swift */,
				E56E79F0267936510015F86E /* Main.storyboard */,
				E56E79F6267936540015F86E /* Assets.xcassets */,
				E56E79F8267936540015F86E /* LaunchScreen.storyboard */,
				E56E79FB267936540015F86E /* Info.plist */,
				E56E79F3267936510015F86E /* carbonCombat.xcdatamodeld */,
				E56E7A01267A4A140015F86E /* FactGenViewController.swift */,
				4CCD28CF267AD71C007431F2 /* GoalsTableViewController.swift */,
				4CCD28D1267AD770007431F2 /* Goals.swift */,
				4CCD28D3267ADC45007431F2 /* AddGoalViewController.swift */,
				4CCD28D5267ADE53007431F2 /* CompleteGoalsViewController.swift */,
				4DF63B4C267BA1B7004EB013 /* GoalsInspoTableViewController.swift */,
				4DF63B4E267BA207004EB013 /* GoalsInspo.swift */,
				4CCE2A84267BB4980028FE76 /* QuizViewController.swift */,
			);
			path = carbonCombat;
			sourceTree = "<group>";
		};
/* End PBXGroup section */

/* Begin PBXNativeTarget section */
		E56E79E6267936510015F86E /* carbonCombat */ = {
			isa = PBXNativeTarget;
			buildConfigurationList = E56E79FE267936540015F86E /* Build configuration list for PBXNativeTarget "carbonCombat" */;
			buildPhases = (
				E56E79E3267936510015F86E /* Sources */,
				E56E79E4267936510015F86E /* Frameworks */,
				E56E79E5267936510015F86E /* Resources */,
			);
			buildRules = (
			);
			dependencies = (
			);
			name = carbonCombat;
			productName = carbonCombat;
			productReference = E56E79E7267936510015F86E /* carbonCombat.app */;
			productType = "com.apple.product-type.application";
		};
/* End PBXNativeTarget section */

/* Begin PBXProject section */
		E56E79DF267936510015F86E /* Project object */ = {
			isa = PBXProject;
			attributes = {
				LastSwiftUpdateCheck = 1250;
				LastUpgradeCheck = 1250;
				TargetAttributes = {
					E56E79E6267936510015F86E = {
						CreatedOnToolsVersion = 12.5;
					};
				};
			};
			buildConfigurationList = E56E79E2267936510015F86E /* Build configuration list for PBXProject "carbonCombat" */;
			compatibilityVersion = "Xcode 9.3";
			developmentRegion = en;
			hasScannedForEncodings = 0;
			knownRegions = (
				en,
				Base,
			);
			mainGroup = E56E79DE267936510015F86E;
			productRefGroup = E56E79E8267936510015F86E /* Products */;
			projectDirPath = "";
			projectRoot = "";
			targets = (
				E56E79E6267936510015F86E /* carbonCombat */,
			);
		};
/* End PBXProject section */

/* Begin PBXResourcesBuildPhase section */
		E56E79E5267936510015F86E /* Resources */ = {
			isa = PBXResourcesBuildPhase;
			buildActionMask = 2147483647;
			files = (
				E56E79FA267936540015F86E /* LaunchScreen.storyboard in Resources */,
				E56E79F7267936540015F86E /* Assets.xcassets in Resources */,
				E56E79F2267936510015F86E /* Main.storyboard in Resources */,
			);
			runOnlyForDeploymentPostprocessing = 0;
		};
/* End PBXResourcesBuildPhase section */

/* Begin PBXSourcesBuildPhase section */
		E56E79E3267936510015F86E /* Sources */ = {
			isa = PBXSourcesBuildPhase;
			buildActionMask = 2147483647;
			files = (
				4DF63B4F267BA207004EB013 /* GoalsInspo.swift in Sources */,
				4DF63B4D267BA1B7004EB013 /* GoalsInspoTableViewController.swift in Sources */,
				4CCD28D6267ADE53007431F2 /* CompleteGoalsViewController.swift in Sources */,
				4CCE2A85267BB4980028FE76 /* QuizViewController.swift in Sources */,
				4CCD28D2267AD770007431F2 /* Goals.swift in Sources */,
				4CCD28D4267ADC45007431F2 /* AddGoalViewController.swift in Sources */,
				E56E79F5267936510015F86E /* carbonCombat.xcdatamodeld in Sources */,
				E56E79EF267936510015F86E /* ViewController.swift in Sources */,
				E56E7A02267A4A140015F86E /* FactGenViewController.swift in Sources */,
				E56E79EB267936510015F86E /* AppDelegate.swift in Sources */,
				4CCD28D0267AD71C007431F2 /* GoalsTableViewController.swift in Sources */,
				E56E79ED267936510015F86E /* SceneDelegate.swift in Sources */,
			);
			runOnlyForDeploymentPostprocessing = 0;
		};
/* End PBXSourcesBuildPhase section */

/* Begin PBXVariantGroup section */
		E56E79F0267936510015F86E /* Main.storyboard */ = {
			isa = PBXVariantGroup;
			children = (
				E56E79F1267936510015F86E /* Base */,
			);
			name = Main.storyboard;
			sourceTree = "<group>";
		};
		E56E79F8267936540015F86E /* LaunchScreen.storyboard */ = {
			isa = PBXVariantGroup;
			children = (
				E56E79F9267936540015F86E /* Base */,
			);
			name = LaunchScreen.storyboard;
			sourceTree = "<group>";
		};
/* End PBXVariantGroup section */

/* Begin XCBuildConfiguration section */
		E56E79FC267936540015F86E /* Debug */ = {
			isa = XCBuildConfiguration;
			buildSettings = {
				ALWAYS_SEARCH_USER_PATHS = NO;
				CLANG_ANALYZER_NONNULL = YES;
				CLANG_ANALYZER_NUMBER_OBJECT_CONVERSION = YES_AGGRESSIVE;
				CLANG_CXX_LANGUAGE_STANDARD = "gnu++14";
				CLANG_CXX_LIBRARY = "libc++";
				CLANG_ENABLE_MODULES = YES;
				CLANG_ENABLE_OBJC_ARC = YES;
				CLANG_ENABLE_OBJC_WEAK = YES;
				CLANG_WARN_BLOCK_CAPTURE_AUTORELEASING = YES;
				CLANG_WARN_BOOL_CONVERSION = YES;
				CLANG_WARN_COMMA = YES;
				CLANG_WARN_CONSTANT_CONVERSION = YES;
				CLANG_WARN_DEPRECATED_OBJC_IMPLEMENTATIONS = YES;
				CLANG_WARN_DIRECT_OBJC_ISA_USAGE = YES_ERROR;
				CLANG_WARN_DOCUMENTATION_COMMENTS = YES;
				CLANG_WARN_EMPTY_BODY = YES;
				CLANG_WARN_ENUM_CONVERSION = YES;
				CLANG_WARN_INFINITE_RECURSION = YES;
				CLANG_WARN_INT_CONVERSION = YES;
				CLANG_WARN_NON_LITERAL_NULL_CONVERSION = YES;
				CLANG_WARN_OBJC_IMPLICIT_RETAIN_SELF = YES;
				CLANG_WARN_OBJC_LITERAL_CONVERSION = YES;
				CLANG_WARN_OBJC_ROOT_CLASS = YES_ERROR;
				CLANG_WARN_QUOTED_INCLUDE_IN_FRAMEWORK_HEADER = YES;
				CLANG_WARN_RANGE_LOOP_ANALYSIS = YES;
				CLANG_WARN_STRICT_PROTOTYPES = YES;
				CLANG_WARN_SUSPICIOUS_MOVE = YES;
				CLANG_WARN_UNGUARDED_AVAILABILITY = YES_AGGRESSIVE;
				CLANG_WARN_UNREACHABLE_CODE = YES;
				CLANG_WARN__DUPLICATE_METHOD_MATCH = YES;
				COPY_PHASE_STRIP = NO;
				DEBUG_INFORMATION_FORMAT = dwarf;
				ENABLE_STRICT_OBJC_MSGSEND = YES;
				ENABLE_TESTABILITY = YES;
				GCC_C_LANGUAGE_STANDARD = gnu11;
				GCC_DYNAMIC_NO_PIC = NO;
				GCC_NO_COMMON_BLOCKS = YES;
				GCC_OPTIMIZATION_LEVEL = 0;
				GCC_PREPROCESSOR_DEFINITIONS = (
					"DEBUG=1",
					"$(inherited)",
				);
				GCC_WARN_64_TO_32_BIT_CONVERSION = YES;
				GCC_WARN_ABOUT_RETURN_TYPE = YES_ERROR;
				GCC_WARN_UNDECLARED_SELECTOR = YES;
				GCC_WARN_UNINITIALIZED_AUTOS = YES_AGGRESSIVE;
				GCC_WARN_UNUSED_FUNCTION = YES;
				GCC_WARN_UNUSED_VARIABLE = YES;
				IPHONEOS_DEPLOYMENT_TARGET = 14.5;
				MTL_ENABLE_DEBUG_INFO = INCLUDE_SOURCE;
				MTL_FAST_MATH = YES;
				ONLY_ACTIVE_ARCH = YES;
				SDKROOT = iphoneos;
				SWIFT_ACTIVE_COMPILATION_CONDITIONS = DEBUG;
				SWIFT_OPTIMIZATION_LEVEL = "-Onone";
			};
			name = Debug;
		};
		E56E79FD267936540015F86E /* Release */ = {
			isa = XCBuildConfiguration;
			buildSettings = {
				ALWAYS_SEARCH_USER_PATHS = NO;
				CLANG_ANALYZER_NONNULL = YES;
				CLANG_ANALYZER_NUMBER_OBJECT_CONVERSION = YES_AGGRESSIVE;
				CLANG_CXX_LANGUAGE_STANDARD = "gnu++14";
				CLANG_CXX_LIBRARY = "libc++";
				CLANG_ENABLE_MODULES = YES;
				CLANG_ENABLE_OBJC_ARC = YES;
				CLANG_ENABLE_OBJC_WEAK = YES;
				CLANG_WARN_BLOCK_CAPTURE_AUTORELEASING = YES;
				CLANG_WARN_BOOL_CONVERSION = YES;
				CLANG_WARN_COMMA = YES;
				CLANG_WARN_CONSTANT_CONVERSION = YES;
				CLANG_WARN_DEPRECATED_OBJC_IMPLEMENTATIONS = YES;
				CLANG_WARN_DIRECT_OBJC_ISA_USAGE = YES_ERROR;
				CLANG_WARN_DOCUMENTATION_COMMENTS = YES;
				CLANG_WARN_EMPTY_BODY = YES;
				CLANG_WARN_ENUM_CONVERSION = YES;
				CLANG_WARN_INFINITE_RECURSION = YES;
				CLANG_WARN_INT_CONVERSION = YES;
				CLANG_WARN_NON_LITERAL_NULL_CONVERSION = YES;
				CLANG_WARN_OBJC_IMPLICIT_RETAIN_SELF = YES;
				CLANG_WARN_OBJC_LITERAL_CONVERSION = YES;
				CLANG_WARN_OBJC_ROOT_CLASS = YES_ERROR;
				CLANG_WARN_QUOTED_INCLUDE_IN_FRAMEWORK_HEADER = YES;
				CLANG_WARN_RANGE_LOOP_ANALYSIS = YES;
				CLANG_WARN_STRICT_PROTOTYPES = YES;
				CLANG_WARN_SUSPICIOUS_MOVE = YES;
				CLANG_WARN_UNGUARDED_AVAILABILITY = YES_AGGRESSIVE;
				CLANG_WARN_UNREACHABLE_CODE = YES;
				CLANG_WARN__DUPLICATE_METHOD_MATCH = YES;
				COPY_PHASE_STRIP = NO;
				DEBUG_INFORMATION_FORMAT = "dwarf-with-dsym";
				ENABLE_NS_ASSERTIONS = NO;
				ENABLE_STRICT_OBJC_MSGSEND = YES;
				GCC_C_LANGUAGE_STANDARD = gnu11;
				GCC_NO_COMMON_BLOCKS = YES;
				GCC_WARN_64_TO_32_BIT_CONVERSION = YES;
				GCC_WARN_ABOUT_RETURN_TYPE = YES_ERROR;
				GCC_WARN_UNDECLARED_SELECTOR = YES;
				GCC_WARN_UNINITIALIZED_AUTOS = YES_AGGRESSIVE;
				GCC_WARN_UNUSED_FUNCTION = YES;
				GCC_WARN_UNUSED_VARIABLE = YES;
				IPHONEOS_DEPLOYMENT_TARGET = 14.5;
				MTL_ENABLE_DEBUG_INFO = NO;
				MTL_FAST_MATH = YES;
				SDKROOT = iphoneos;
				SWIFT_COMPILATION_MODE = wholemodule;
				SWIFT_OPTIMIZATION_LEVEL = "-O";
				VALIDATE_PRODUCT = YES;
			};
			name = Release;
		};
		E56E79FF267936540015F86E /* Debug */ = {
			isa = XCBuildConfiguration;
			buildSettings = {
				ASSETCATALOG_COMPILER_APPICON_NAME = AppIcon;
				ASSETCATALOG_COMPILER_GLOBAL_ACCENT_COLOR_NAME = AccentColor;
				CODE_SIGN_STYLE = Automatic;
				INFOPLIST_FILE = carbonCombat/Info.plist;
				LD_RUNPATH_SEARCH_PATHS = (
					"$(inherited)",
					"@executable_path/Frameworks",
				);
				PRODUCT_BUNDLE_IDENTIFIER = example.carbonCombat;
				PRODUCT_NAME = "$(TARGET_NAME)";
				SWIFT_VERSION = 5.0;
				TARGETED_DEVICE_FAMILY = "1,2";
			};
			name = Debug;
		};
		E56E7A00267936540015F86E /* Release */ = {
			isa = XCBuildConfiguration;
			buildSettings = {
				ASSETCATALOG_COMPILER_APPICON_NAME = AppIcon;
				ASSETCATALOG_COMPILER_GLOBAL_ACCENT_COLOR_NAME = AccentColor;
				CODE_SIGN_STYLE = Automatic;
				INFOPLIST_FILE = carbonCombat/Info.plist;
				LD_RUNPATH_SEARCH_PATHS = (
					"$(inherited)",
					"@executable_path/Frameworks",
				);
				PRODUCT_BUNDLE_IDENTIFIER = example.carbonCombat;
				PRODUCT_NAME = "$(TARGET_NAME)";
				SWIFT_VERSION = 5.0;
				TARGETED_DEVICE_FAMILY = "1,2";
			};
			name = Release;
		};
/* End XCBuildConfiguration section */

/* Begin XCConfigurationList section */
		E56E79E2267936510015F86E /* Build configuration list for PBXProject "carbonCombat" */ = {
			isa = XCConfigurationList;
			buildConfigurations = (
				E56E79FC267936540015F86E /* Debug */,
				E56E79FD267936540015F86E /* Release */,
			);
			defaultConfigurationIsVisible = 0;
			defaultConfigurationName = Release;
		};
		E56E79FE267936540015F86E /* Build configuration list for PBXNativeTarget "carbonCombat" */ = {
			isa = XCConfigurationList;
			buildConfigurations = (
				E56E79FF267936540015F86E /* Debug */,
				E56E7A00267936540015F86E /* Release */,
			);
			defaultConfigurationIsVisible = 0;
			defaultConfigurationName = Release;
		};
/* End XCConfigurationList section */

/* Begin XCVersionGroup section */
		E56E79F3267936510015F86E /* carbonCombat.xcdatamodeld */ = {
			isa = XCVersionGroup;
			children = (
				E56E79F4267936510015F86E /* carbonCombat.xcdatamodel */,
			);
			currentVersion = E56E79F4267936510015F86E /* carbonCombat.xcdatamodel */;
			path = carbonCombat.xcdatamodeld;
			sourceTree = "<group>";
			versionGroupType = wrapper.xcdatamodel;
		};
/* End XCVersionGroup section */
	};
	rootObject = E56E79DF267936510015F86E /* Project object */;
}
